
Microsoft Visual Studio Solution File, Format Version 12.00
# Visual Studio Version 17
VisualStudioVersion = 17.10.34916.146
MinimumVisualStudioVersion = 10.0.40219.1
Project("{FAE04EC0-301F-11D3-BF4B-00C04F79EFBC}") = "LegacyExternal", "LegacyExternal\LegacyExternal.csproj", "{74D02390-D1D2-4A95-AC0C-73337EAF28FE}"
EndProject
Global
	GlobalSection(SolutionConfigurationPlatforms) = preSolution
		Debug|Any CPU = Debug|Any CPU
		Release|Any CPU = Release|Any CPU
	EndGlobalSection
	GlobalSection(ProjectConfigurationPlatforms) = postSolution
		{74D02390-D1D2-4A95-AC0C-73337EAF28FE}.Debug|Any CPU.ActiveCfg = Debug|Any CPU
		{74D02390-D1D2-4A95-AC0C-73337EAF28FE}.Debug|Any CPU.Build.0 = Debug|Any CPU
		{74D02390-D1D2-4A95-AC0C-73337EAF28FE}.Release|Any CPU.ActiveCfg = Release|Any CPU
		{74D02390-D1D2-4A95-AC0C-73337EAF28FE}.Release|Any CPU.Build.0 = Release|Any CPU
	EndGlobalSection
	GlobalSection(SolutionProperties) = preSolution
		HideSolutionNode = FALSE
	EndGlobalSection
	GlobalSection(ExtensibilityGlobals) = postSolution
		SolutionGuid = {92329911-F023-470D-84C4-029F947C4E1A}
	EndGlobalSection
EndGlobal
